
Microsoft Visual Studio Solution File, Format Version 12.00
# Visual Studio 15
VisualStudioVersion = 15.0.27703.2035
MinimumVisualStudioVersion = 10.0.40219.1
Project("{FAE04EC0-301F-11D3-BF4B-00C04F79EFBC}") = "ServerCommon", "ServerCommon\ServerCommon.csproj", "{56E75842-75E7-4974-9434-7299CE128DB1}"
EndProject
Global
	GlobalSection(SolutionConfigurationPlatforms) = preSolution
		Debug|Any CPU = Debug|Any CPU
		Release|Any CPU = Release|Any CPU
	EndGlobalSection
	GlobalSection(ProjectConfigurationPlatforms) = postSolution
		{56E75842-75E7-4974-9434-7299CE128DB1}.Debug|Any CPU.ActiveCfg = Debug|Any CPU
		{56E75842-75E7-4974-9434-7299CE128DB1}.Debug|Any CPU.Build.0 = Debug|Any CPU
		{56E75842-75E7-4974-9434-7299CE128DB1}.Release|Any CPU.ActiveCfg = Release|Any CPU
		{56E75842-75E7-4974-9434-7299CE128DB1}.Release|Any CPU.Build.0 = Release|Any CPU
	EndGlobalSection
	GlobalSection(SolutionProperties) = preSolution
		HideSolutionNode = FALSE
	EndGlobalSection
	GlobalSection(ExtensibilityGlobals) = postSolution
		SolutionGuid = {46EC03A2-F334-4475-A8A4-2C374BFEBC9D}
	EndGlobalSection
EndGlobal
